
Microsoft Visual Studio Solution File, Format Version 12.00
# Visual Studio 15
VisualStudioVersion = 15.0.27428.2043
MinimumVisualStudioVersion = 10.0.40219.1
Project("{FAE04EC0-301F-11D3-BF4B-00C04F79EFBC}") = "TrabalhoFinal", "TrabalhoFinal\TrabalhoFinal.csproj", "{B78D75AB-2FDC-432D-BD77-6C945C05BD49}"
EndProject
Global
	GlobalSection(SolutionConfigurationPlatforms) = preSolution
		Debug|Any CPU = Debug|Any CPU
		Release|Any CPU = Release|Any CPU
	EndGlobalSection
	GlobalSection(ProjectConfigurationPlatforms) = postSolution
		{B78D75AB-2FDC-432D-BD77-6C945C05BD49}.Debug|Any CPU.ActiveCfg = Debug|Any CPU
		{B78D75AB-2FDC-432D-BD77-6C945C05BD49}.Debug|Any CPU.Build.0 = Debug|Any CPU
		{B78D75AB-2FDC-432D-BD77-6C945C05BD49}.Release|Any CPU.ActiveCfg = Release|Any CPU
		{B78D75AB-2FDC-432D-BD77-6C945C05BD49}.Release|Any CPU.Build.0 = Release|Any CPU
	EndGlobalSection
	GlobalSection(SolutionProperties) = preSolution
		HideSolutionNode = FALSE
	EndGlobalSection
	GlobalSection(ExtensibilityGlobals) = postSolution
		SolutionGuid = {4F38F1C2-34E2-40E7-9E4E-BAD694DA40A1}
	EndGlobalSection
EndGlobal
